dependencies:
- name: frontend
  repository: file://../frontend/helm
  version: 0.0.1
- name: backend
  repository: file://../backend/helm
  version: 0.0.1
- name: mysql-helm
  repository: file://../mysql-helm
  version: 0.0.1
- name: mysql
  repository: https://charts.bitnami.com/bitnami
  version: 8.2.4
- name: phpmyadmin
  repository: https://charts.bitnami.com/bitnami
  version: 5.0.6
digest: sha256:1fdae97588ffeb9d2d21d1c16746d870c2ac93c08180c12591f122ca35384597
generated: "2021-01-13T20:25:42.161494+01:00"
