dependencies:
- name: frontend
  repository: file://../frontend/helm
  version: 0.0.1
- name: backend
  repository: file://../backend/helm
  version: 0.0.1
- name: mysql
  repository: https://charts.bitnami.com/bitnami
  version: 8.2.4
- name: phpmyadmin
  repository: https://charts.bitnami.com/bitnami
  version: 5.0.6
digest: sha256:36cc230c237353733a3405ee5455f4a0439d092936a3e0ba3be7056ae439c7fc
generated: "2021-01-08T15:00:00.8618766+01:00"
