dependencies:
- name: frontend
  repository: file://../frontend/helm
  version: 0.0.1
- name: backend
  repository: file://../backend/helm
  version: 0.0.1
- name: mysql-helm
  repository: file://../mysql-helm
  version: 0.0.1
digest: sha256:38c16219acc3867de24d52906a6436689cd5fc69a86eb937f450fcf0a5a98213
generated: "2021-01-15T13:44:02.568162+01:00"
